
Microsoft Visual Studio Solution File, Format Version 12.00
# Visual Studio Version 16
VisualStudioVersion = 16.0.31424.327
MinimumVisualStudioVersion = 10.0.40219.1
Project("{FAE04EC0-301F-11D3-BF4B-00C04F79EFBC}") = "Worker_Project", "Worker_Project\Worker_Project.csproj", "{7B2F32B7-9930-4CC3-84A6-D0B4BE4BC7F6}"
EndProject
Global
	GlobalSection(SolutionConfigurationPlatforms) = preSolution
		Debug|Any CPU = Debug|Any CPU
		Release|Any CPU = Release|Any CPU
	EndGlobalSection
	GlobalSection(ProjectConfigurationPlatforms) = postSolution
		{7B2F32B7-9930-4CC3-84A6-D0B4BE4BC7F6}.Debug|Any CPU.ActiveCfg = Debug|Any CPU
		{7B2F32B7-9930-4CC3-84A6-D0B4BE4BC7F6}.Debug|Any CPU.Build.0 = Debug|Any CPU
		{7B2F32B7-9930-4CC3-84A6-D0B4BE4BC7F6}.Release|Any CPU.ActiveCfg = Release|Any CPU
		{7B2F32B7-9930-4CC3-84A6-D0B4BE4BC7F6}.Release|Any CPU.Build.0 = Release|Any CPU
	EndGlobalSection
	GlobalSection(SolutionProperties) = preSolution
		HideSolutionNode = FALSE
	EndGlobalSection
	GlobalSection(ExtensibilityGlobals) = postSolution
		SolutionGuid = {F80B5176-75A3-4249-8A7B-EEB0E8CDC8C0}
	EndGlobalSection
EndGlobal
